
Microsoft Visual Studio Solution File, Format Version 12.00
# Visual Studio Version 17
VisualStudioVersion = 17.4.33103.184
MinimumVisualStudioVersion = 10.0.40219.1
Project("{9A19103F-16F7-4668-BE54-9A1E7A4F7556}") = "Recollections.Api", "src\Recollections.Api\Recollections.Api.csproj", "{EF04B5E3-2C3E-4194-AE17-1E39C89F477E}"
EndProject
Project("{9A19103F-16F7-4668-BE54-9A1E7A4F7556}") = "Recollections.Blazor.UI", "src\Recollections.Blazor.UI\Recollections.Blazor.UI.csproj", "{9B459D4B-0452-4A94-BDCE-2C91C4AC3D1E}"
EndProject
Project("{9A19103F-16F7-4668-BE54-9A1E7A4F7556}") = "Recollections.Api.Shared", "src\Recollections.Api.Shared\Recollections.Api.Shared.csproj", "{C09BF6A4-63DF-4175-BB6E-4045E52476D9}"
EndProject
Project("{9A19103F-16F7-4668-BE54-9A1E7A4F7556}") = "Recollections.Accounts.Data", "src\Recollections.Accounts.Data\Recollections.Accounts.Data.csproj", "{E618BA46-81C5-4CEA-80F4-630988A0EEEB}"
EndProject
Project("{9A19103F-16F7-4668-BE54-9A1E7A4F7556}") = "Recollections.Entries.Data", "src\Recollections.Entries.Data\Recollections.Entries.Data.csproj", "{FE8E9370-78C4-4787-98F5-EACE029CE4DE}"
EndProject
Project("{9A19103F-16F7-4668-BE54-9A1E7A4F7556}") = "Recollections.Blazor.Components", "src\Recollections.Blazor.Components\Recollections.Blazor.Components.csproj", "{59EC1693-4D39-420E-A758-41A6C42C6917}"
EndProject
Project("{9A19103F-16F7-4668-BE54-9A1E7A4F7556}") = "Recollections.Entries", "src\Recollections.Entries\Recollections.Entries.csproj", "{CDCA7185-D27F-40D2-9193-E890CBF2BFA4}"
EndProject
Project("{9A19103F-16F7-4668-BE54-9A1E7A4F7556}") = "Recollections.Entries.Models", "src\Recollections.Entries.Models\Recollections.Entries.Models.csproj", "{B441B9AE-164A-4126-9B8B-41243DB64BA9}"
EndProject
Project("{9A19103F-16F7-4668-BE54-9A1E7A4F7556}") = "Recollections.Entries.SystemIo", "src\Recollections.Entries.SystemIo\Recollections.Entries.SystemIo.csproj", "{CB2BA74C-A628-4AF1-A7D5-3C2A62CEE971}"
EndProject
Project("{9A19103F-16F7-4668-BE54-9A1E7A4F7556}") = "Recollections.SystemIo", "src\Recollections.SystemIo\Recollections.SystemIo.csproj", "{E13A7749-27EE-4A54-86EC-B7F1FB862BB3}"
EndProject
Project("{2150E333-8FDC-42A3-9474-1A3956D46DE8}") = "Entries", "Entries", "{80DF1D6F-0998-4057-B447-CDE56FB04927}"
EndProject
Project("{2150E333-8FDC-42A3-9474-1A3956D46DE8}") = "Accounts", "Accounts", "{38B9D47D-3F13-4777-A204-47F9C3A40E2B}"
EndProject
Project("{2150E333-8FDC-42A3-9474-1A3956D46DE8}") = ".Baseline", ".Baseline", "{003E432D-6946-4A88-BC1F-2175B154D3D1}"
EndProject
Project("{9A19103F-16F7-4668-BE54-9A1E7A4F7556}") = "Recollections.Entries.Azure", "src\Recollections.Entries.Azure\Recollections.Entries.Azure.csproj", "{4F2663A0-0BDE-4F95-8883-B648D0D370EB}"
EndProject
Project("{2150E333-8FDC-42A3-9474-1A3956D46DE8}") = "Storage", "Storage", "{F4A043B4-64A7-435D-B2E2-07C7A0EDB2FD}"
EndProject
Project("{2150E333-8FDC-42A3-9474-1A3956D46DE8}") = "Tools", "Tools", "{930F0831-13F2-43E9-B548-226D1610F227}"
EndProject
Project("{9A19103F-16F7-4668-BE54-9A1E7A4F7556}") = "Recollections.DbContextDataMigrator", "src\Recollections.DbContextDataMigrator\Recollections.DbContextDataMigrator.csproj", "{7A0706DE-3D85-4D80-9A91-0D15B0A2B368}"
EndProject
Project("{9A19103F-16F7-4668-BE54-9A1E7A4F7556}") = "Recollections.Data.Ef", "src\Recollections.Data.Ef\Recollections.Data.Ef.csproj", "{4FB6B5CA-2E5A-424A-83F3-2BF6D75539CA}"
EndProject
Project("{9A19103F-16F7-4668-BE54-9A1E7A4F7556}") = "Recollections.Accounts", "src\Recollections.Accounts\Recollections.Accounts.csproj", "{3A4766FA-8B5C-4841-A474-C3B67752D4FE}"
EndProject
Project("{9A19103F-16F7-4668-BE54-9A1E7A4F7556}") = "Recollections.DbMigrationApplier", "src\Recollections.DbMigrationApplier\Recollections.DbMigrationApplier.csproj", "{C4E6EBB3-0ABD-4BEB-B6FE-29E9271E8997}"
EndProject
Project("{9A19103F-16F7-4668-BE54-9A1E7A4F7556}") = "Recollections.ImageSizeCalculator", "src\Recollections.ImageSizeCalculator\Recollections.ImageSizeCalculator.csproj", "{D3B3C78D-7A08-4C2D-B535-FD9A301EB869}"
EndProject
Project("{2150E333-8FDC-42A3-9474-1A3956D46DE8}") = ".Anything", ".Anything", "{544B38E1-7CFA-4E38-9279-B85282DC277C}"
	ProjectSection(SolutionItems) = preProject
		dev.ps1 = dev.ps1
		src\Directory.Build.props = src\Directory.Build.props
		Directory.Packages.props = Directory.Packages.props
		.github\workflows\docker.yml = .github\workflows\docker.yml
		nuget.config = nuget.config
		README.md = README.md
	EndProjectSection
EndProject
Project("{9A19103F-16F7-4668-BE54-9A1E7A4F7556}") = "Recollections.Tools.ShareInheritableMigrator", "src\Recollections.Tools.ShareInheritableMigrator\Recollections.Tools.ShareInheritableMigrator.csproj", "{A5EA5594-84A6-49E8-BC69-6AEC4915ED62}"
EndProject
Global
	GlobalSection(SolutionConfigurationPlatforms) = preSolution
		Debug|Any CPU = Debug|Any CPU
		Release|Any CPU = Release|Any CPU
	EndGlobalSection
	GlobalSection(ProjectConfigurationPlatforms) = postSolution
		{EF04B5E3-2C3E-4194-AE17-1E39C89F477E}.Debug|Any CPU.ActiveCfg = Debug|Any CPU
		{EF04B5E3-2C3E-4194-AE17-1E39C89F477E}.Debug|Any CPU.Build.0 = Debug|Any CPU
		{EF04B5E3-2C3E-4194-AE17-1E39C89F477E}.Release|Any CPU.ActiveCfg = Release|Any CPU
		{EF04B5E3-2C3E-4194-AE17-1E39C89F477E}.Release|Any CPU.Build.0 = Release|Any CPU
		{9B459D4B-0452-4A94-BDCE-2C91C4AC3D1E}.Debug|Any CPU.ActiveCfg = Debug|Any CPU
		{9B459D4B-0452-4A94-BDCE-2C91C4AC3D1E}.Debug|Any CPU.Build.0 = Debug|Any CPU
		{9B459D4B-0452-4A94-BDCE-2C91C4AC3D1E}.Release|Any CPU.ActiveCfg = Release|Any CPU
		{9B459D4B-0452-4A94-BDCE-2C91C4AC3D1E}.Release|Any CPU.Build.0 = Release|Any CPU
		{C09BF6A4-63DF-4175-BB6E-4045E52476D9}.Debug|Any CPU.ActiveCfg = Debug|Any CPU
		{C09BF6A4-63DF-4175-BB6E-4045E52476D9}.Debug|Any CPU.Build.0 = Debug|Any CPU
		{C09BF6A4-63DF-4175-BB6E-4045E52476D9}.Release|Any CPU.ActiveCfg = Release|Any CPU
		{C09BF6A4-63DF-4175-BB6E-4045E52476D9}.Release|Any CPU.Build.0 = Release|Any CPU
		{E618BA46-81C5-4CEA-80F4-630988A0EEEB}.Debug|Any CPU.ActiveCfg = Debug|Any CPU
		{E618BA46-81C5-4CEA-80F4-630988A0EEEB}.Debug|Any CPU.Build.0 = Debug|Any CPU
		{E618BA46-81C5-4CEA-80F4-630988A0EEEB}.Release|Any CPU.ActiveCfg = Release|Any CPU
		{E618BA46-81C5-4CEA-80F4-630988A0EEEB}.Release|Any CPU.Build.0 = Release|Any CPU
		{FE8E9370-78C4-4787-98F5-EACE029CE4DE}.Debug|Any CPU.ActiveCfg = Debug|Any CPU
		{FE8E9370-78C4-4787-98F5-EACE029CE4DE}.Debug|Any CPU.Build.0 = Debug|Any CPU
		{FE8E9370-78C4-4787-98F5-EACE029CE4DE}.Release|Any CPU.ActiveCfg = Release|Any CPU
		{FE8E9370-78C4-4787-98F5-EACE029CE4DE}.Release|Any CPU.Build.0 = Release|Any CPU
		{59EC1693-4D39-420E-A758-41A6C42C6917}.Debug|Any CPU.ActiveCfg = Debug|Any CPU
		{59EC1693-4D39-420E-A758-41A6C42C6917}.Debug|Any CPU.Build.0 = Debug|Any CPU
		{59EC1693-4D39-420E-A758-41A6C42C6917}.Release|Any CPU.ActiveCfg = Release|Any CPU
		{59EC1693-4D39-420E-A758-41A6C42C6917}.Release|Any CPU.Build.0 = Release|Any CPU
		{CDCA7185-D27F-40D2-9193-E890CBF2BFA4}.Debug|Any CPU.ActiveCfg = Debug|Any CPU
		{CDCA7185-D27F-40D2-9193-E890CBF2BFA4}.Debug|Any CPU.Build.0 = Debug|Any CPU
		{CDCA7185-D27F-40D2-9193-E890CBF2BFA4}.Release|Any CPU.ActiveCfg = Release|Any CPU
		{CDCA7185-D27F-40D2-9193-E890CBF2BFA4}.Release|Any CPU.Build.0 = Release|Any CPU
		{B441B9AE-164A-4126-9B8B-41243DB64BA9}.Debug|Any CPU.ActiveCfg = Debug|Any CPU
		{B441B9AE-164A-4126-9B8B-41243DB64BA9}.Debug|Any CPU.Build.0 = Debug|Any CPU
		{B441B9AE-164A-4126-9B8B-41243DB64BA9}.Release|Any CPU.ActiveCfg = Release|Any CPU
		{B441B9AE-164A-4126-9B8B-41243DB64BA9}.Release|Any CPU.Build.0 = Release|Any CPU
		{CB2BA74C-A628-4AF1-A7D5-3C2A62CEE971}.Debug|Any CPU.ActiveCfg = Debug|Any CPU
		{CB2BA74C-A628-4AF1-A7D5-3C2A62CEE971}.Debug|Any CPU.Build.0 = Debug|Any CPU
		{CB2BA74C-A628-4AF1-A7D5-3C2A62CEE971}.Release|Any CPU.ActiveCfg = Release|Any CPU
		{CB2BA74C-A628-4AF1-A7D5-3C2A62CEE971}.Release|Any CPU.Build.0 = Release|Any CPU
		{E13A7749-27EE-4A54-86EC-B7F1FB862BB3}.Debug|Any CPU.ActiveCfg = Debug|Any CPU
		{E13A7749-27EE-4A54-86EC-B7F1FB862BB3}.Debug|Any CPU.Build.0 = Debug|Any CPU
		{E13A7749-27EE-4A54-86EC-B7F1FB862BB3}.Release|Any CPU.ActiveCfg = Release|Any CPU
		{E13A7749-27EE-4A54-86EC-B7F1FB862BB3}.Release|Any CPU.Build.0 = Release|Any CPU
		{4F2663A0-0BDE-4F95-8883-B648D0D370EB}.Debug|Any CPU.ActiveCfg = Debug|Any CPU
		{4F2663A0-0BDE-4F95-8883-B648D0D370EB}.Debug|Any CPU.Build.0 = Debug|Any CPU
		{4F2663A0-0BDE-4F95-8883-B648D0D370EB}.Release|Any CPU.ActiveCfg = Release|Any CPU
		{4F2663A0-0BDE-4F95-8883-B648D0D370EB}.Release|Any CPU.Build.0 = Release|Any CPU
		{7A0706DE-3D85-4D80-9A91-0D15B0A2B368}.Debug|Any CPU.ActiveCfg = Debug|Any CPU
		{7A0706DE-3D85-4D80-9A91-0D15B0A2B368}.Debug|Any CPU.Build.0 = Debug|Any CPU
		{7A0706DE-3D85-4D80-9A91-0D15B0A2B368}.Release|Any CPU.ActiveCfg = Release|Any CPU
		{7A0706DE-3D85-4D80-9A91-0D15B0A2B368}.Release|Any CPU.Build.0 = Release|Any CPU
		{4FB6B5CA-2E5A-424A-83F3-2BF6D75539CA}.Debug|Any CPU.ActiveCfg = Debug|Any CPU
		{4FB6B5CA-2E5A-424A-83F3-2BF6D75539CA}.Debug|Any CPU.Build.0 = Debug|Any CPU
		{4FB6B5CA-2E5A-424A-83F3-2BF6D75539CA}.Release|Any CPU.ActiveCfg = Release|Any CPU
		{4FB6B5CA-2E5A-424A-83F3-2BF6D75539CA}.Release|Any CPU.Build.0 = Release|Any CPU
		{3A4766FA-8B5C-4841-A474-C3B67752D4FE}.Debug|Any CPU.ActiveCfg = Debug|Any CPU
		{3A4766FA-8B5C-4841-A474-C3B67752D4FE}.Debug|Any CPU.Build.0 = Debug|Any CPU
		{3A4766FA-8B5C-4841-A474-C3B67752D4FE}.Release|Any CPU.ActiveCfg = Release|Any CPU
		{3A4766FA-8B5C-4841-A474-C3B67752D4FE}.Release|Any CPU.Build.0 = Release|Any CPU
		{C4E6EBB3-0ABD-4BEB-B6FE-29E9271E8997}.Debug|Any CPU.ActiveCfg = Debug|Any CPU
		{C4E6EBB3-0ABD-4BEB-B6FE-29E9271E8997}.Debug|Any CPU.Build.0 = Debug|Any CPU
		{C4E6EBB3-0ABD-4BEB-B6FE-29E9271E8997}.Release|Any CPU.ActiveCfg = Release|Any CPU
		{C4E6EBB3-0ABD-4BEB-B6FE-29E9271E8997}.Release|Any CPU.Build.0 = Release|Any CPU
		{D3B3C78D-7A08-4C2D-B535-FD9A301EB869}.Debug|Any CPU.ActiveCfg = Debug|Any CPU
		{D3B3C78D-7A08-4C2D-B535-FD9A301EB869}.Debug|Any CPU.Build.0 = Debug|Any CPU
		{D3B3C78D-7A08-4C2D-B535-FD9A301EB869}.Release|Any CPU.ActiveCfg = Release|Any CPU
		{D3B3C78D-7A08-4C2D-B535-FD9A301EB869}.Release|Any CPU.Build.0 = Release|Any CPU
		{A5EA5594-84A6-49E8-BC69-6AEC4915ED62}.Debug|Any CPU.ActiveCfg = Debug|Any CPU
		{A5EA5594-84A6-49E8-BC69-6AEC4915ED62}.Debug|Any CPU.Build.0 = Debug|Any CPU
		{A5EA5594-84A6-49E8-BC69-6AEC4915ED62}.Release|Any CPU.ActiveCfg = Release|Any CPU
		{A5EA5594-84A6-49E8-BC69-6AEC4915ED62}.Release|Any CPU.Build.0 = Release|Any CPU
	EndGlobalSection
	GlobalSection(SolutionProperties) = preSolution
		HideSolutionNode = FALSE
	EndGlobalSection
	GlobalSection(NestedProjects) = preSolution
		{E618BA46-81C5-4CEA-80F4-630988A0EEEB} = {38B9D47D-3F13-4777-A204-47F9C3A40E2B}
		{FE8E9370-78C4-4787-98F5-EACE029CE4DE} = {80DF1D6F-0998-4057-B447-CDE56FB04927}
		{CDCA7185-D27F-40D2-9193-E890CBF2BFA4} = {80DF1D6F-0998-4057-B447-CDE56FB04927}
		{B441B9AE-164A-4126-9B8B-41243DB64BA9} = {80DF1D6F-0998-4057-B447-CDE56FB04927}
		{CB2BA74C-A628-4AF1-A7D5-3C2A62CEE971} = {F4A043B4-64A7-435D-B2E2-07C7A0EDB2FD}
		{E13A7749-27EE-4A54-86EC-B7F1FB862BB3} = {003E432D-6946-4A88-BC1F-2175B154D3D1}
		{4F2663A0-0BDE-4F95-8883-B648D0D370EB} = {F4A043B4-64A7-435D-B2E2-07C7A0EDB2FD}
		{F4A043B4-64A7-435D-B2E2-07C7A0EDB2FD} = {80DF1D6F-0998-4057-B447-CDE56FB04927}
		{7A0706DE-3D85-4D80-9A91-0D15B0A2B368} = {930F0831-13F2-43E9-B548-226D1610F227}
		{4FB6B5CA-2E5A-424A-83F3-2BF6D75539CA} = {003E432D-6946-4A88-BC1F-2175B154D3D1}
		{3A4766FA-8B5C-4841-A474-C3B67752D4FE} = {38B9D47D-3F13-4777-A204-47F9C3A40E2B}
		{C4E6EBB3-0ABD-4BEB-B6FE-29E9271E8997} = {930F0831-13F2-43E9-B548-226D1610F227}
		{D3B3C78D-7A08-4C2D-B535-FD9A301EB869} = {930F0831-13F2-43E9-B548-226D1610F227}
		{A5EA5594-84A6-49E8-BC69-6AEC4915ED62} = {930F0831-13F2-43E9-B548-226D1610F227}
	EndGlobalSection
	GlobalSection(ExtensibilityGlobals) = postSolution
		SolutionGuid = {087891FB-93D9-4D03-AFE6-11BD7F9A44F7}
	EndGlobalSection
EndGlobal
