
Microsoft Visual Studio Solution File, Format Version 12.00
# Visual Studio 15
VisualStudioVersion = 15.0.28307.645
MinimumVisualStudioVersion = 10.0.40219.1
Project("{9A19103F-16F7-4668-BE54-9A1E7A4F7556}") = "Recollection.Api", "src\Recollection.Api\Recollection.Api.csproj", "{EF04B5E3-2C3E-4194-AE17-1E39C89F477E}"
EndProject
Project("{9A19103F-16F7-4668-BE54-9A1E7A4F7556}") = "Recollection.Blazor.UI", "src\Recollection.Blazor.UI\Recollection.Blazor.UI.csproj", "{9B459D4B-0452-4A94-BDCE-2C91C4AC3D1E}"
EndProject
Project("{9A19103F-16F7-4668-BE54-9A1E7A4F7556}") = "Recollection.Api.Shared", "src\Recollection.Api.Shared\Recollection.Api.Shared.csproj", "{C09BF6A4-63DF-4175-BB6E-4045E52476D9}"
EndProject
Project("{9A19103F-16F7-4668-BE54-9A1E7A4F7556}") = "Recollection.Accounts.Data", "src\Recollection.Accounts.Data\Recollection.Accounts.Data.csproj", "{E618BA46-81C5-4CEA-80F4-630988A0EEEB}"
EndProject
Project("{9A19103F-16F7-4668-BE54-9A1E7A4F7556}") = "Recollection.Entries.Data", "src\Recollection.Entries.Data\Recollection.Entries.Data.csproj", "{FE8E9370-78C4-4787-98F5-EACE029CE4DE}"
EndProject
Project("{2150E333-8FDC-42A3-9474-1A3956D46DE8}") = "Data", "Data", "{878840AE-DD42-49B3-A130-F606F16D7D38}"
EndProject
Global
	GlobalSection(SolutionConfigurationPlatforms) = preSolution
		Debug|Any CPU = Debug|Any CPU
		Release|Any CPU = Release|Any CPU
	EndGlobalSection
	GlobalSection(ProjectConfigurationPlatforms) = postSolution
		{EF04B5E3-2C3E-4194-AE17-1E39C89F477E}.Debug|Any CPU.ActiveCfg = Debug|Any CPU
		{EF04B5E3-2C3E-4194-AE17-1E39C89F477E}.Debug|Any CPU.Build.0 = Debug|Any CPU
		{EF04B5E3-2C3E-4194-AE17-1E39C89F477E}.Release|Any CPU.ActiveCfg = Release|Any CPU
		{EF04B5E3-2C3E-4194-AE17-1E39C89F477E}.Release|Any CPU.Build.0 = Release|Any CPU
		{9B459D4B-0452-4A94-BDCE-2C91C4AC3D1E}.Debug|Any CPU.ActiveCfg = Debug|Any CPU
		{9B459D4B-0452-4A94-BDCE-2C91C4AC3D1E}.Debug|Any CPU.Build.0 = Debug|Any CPU
		{9B459D4B-0452-4A94-BDCE-2C91C4AC3D1E}.Release|Any CPU.ActiveCfg = Release|Any CPU
		{9B459D4B-0452-4A94-BDCE-2C91C4AC3D1E}.Release|Any CPU.Build.0 = Release|Any CPU
		{C09BF6A4-63DF-4175-BB6E-4045E52476D9}.Debug|Any CPU.ActiveCfg = Debug|Any CPU
		{C09BF6A4-63DF-4175-BB6E-4045E52476D9}.Debug|Any CPU.Build.0 = Debug|Any CPU
		{C09BF6A4-63DF-4175-BB6E-4045E52476D9}.Release|Any CPU.ActiveCfg = Release|Any CPU
		{C09BF6A4-63DF-4175-BB6E-4045E52476D9}.Release|Any CPU.Build.0 = Release|Any CPU
		{E618BA46-81C5-4CEA-80F4-630988A0EEEB}.Debug|Any CPU.ActiveCfg = Debug|Any CPU
		{E618BA46-81C5-4CEA-80F4-630988A0EEEB}.Debug|Any CPU.Build.0 = Debug|Any CPU
		{E618BA46-81C5-4CEA-80F4-630988A0EEEB}.Release|Any CPU.ActiveCfg = Release|Any CPU
		{E618BA46-81C5-4CEA-80F4-630988A0EEEB}.Release|Any CPU.Build.0 = Release|Any CPU
		{FE8E9370-78C4-4787-98F5-EACE029CE4DE}.Debug|Any CPU.ActiveCfg = Debug|Any CPU
		{FE8E9370-78C4-4787-98F5-EACE029CE4DE}.Debug|Any CPU.Build.0 = Debug|Any CPU
		{FE8E9370-78C4-4787-98F5-EACE029CE4DE}.Release|Any CPU.ActiveCfg = Release|Any CPU
		{FE8E9370-78C4-4787-98F5-EACE029CE4DE}.Release|Any CPU.Build.0 = Release|Any CPU
	EndGlobalSection
	GlobalSection(SolutionProperties) = preSolution
		HideSolutionNode = FALSE
	EndGlobalSection
	GlobalSection(NestedProjects) = preSolution
		{E618BA46-81C5-4CEA-80F4-630988A0EEEB} = {878840AE-DD42-49B3-A130-F606F16D7D38}
		{FE8E9370-78C4-4787-98F5-EACE029CE4DE} = {878840AE-DD42-49B3-A130-F606F16D7D38}
	EndGlobalSection
	GlobalSection(ExtensibilityGlobals) = postSolution
		SolutionGuid = {087891FB-93D9-4D03-AFE6-11BD7F9A44F7}
	EndGlobalSection
EndGlobal
